
Microsoft Visual Studio Solution File, Format Version 12.00
# Visual Studio Version 17
VisualStudioVersion = 17.0.31903.59
MinimumVisualStudioVersion = 10.0.40219.1
Project("{FAE04EC0-301F-11D3-BF4B-00C04F79EFBC}") = "Core", "Core\Core.csproj", "{C2FAA6B3-D854-4EC1-BE60-C528F83B2A28}"
EndProject
Project("{FAE04EC0-301F-11D3-BF4B-00C04F79EFBC}") = "Sandbox", "Sandbox\Sandbox.csproj", "{A555A5BC-7082-4940-B0C5-294598E8F66C}"
EndProject
Project("{2150E333-8FDC-42A3-9474-1A3956D46DE8}") = "Adapters", "Adapters", "{5D2B2BFF-C64D-44D7-9AF5-06D33BCE8320}"
EndProject
Project("{FAE04EC0-301F-11D3-BF4B-00C04F79EFBC}") = "Godot", "Adapters\Godot\Godot.csproj", "{CA2E78AA-F4FA-40FA-9952-C27F7DBA9B86}"
EndProject
Project("{FAE04EC0-301F-11D3-BF4B-00C04F79EFBC}") = "LiteNetLib", "Adapters\LiteNetLib\LiteNetLib.csproj", "{A9A548DE-AE62-4A7E-82E6-5A90FC36A800}"
EndProject
Project("{FAE04EC0-301F-11D3-BF4B-00C04F79EFBC}") = "Steamworks", "Adapters\Steamworks\Steamworks.csproj", "{6A3684A3-2BE8-4F0C-B51E-2D70A932159E}"
EndProject
Project("{FAE04EC0-301F-11D3-BF4B-00C04F79EFBC}") = "Electron", "Adapters\Electron\Electron.csproj", "{89D97BA1-845D-418B-A3E9-91D0F1AB15C0}"
EndProject
Project("{FAE04EC0-301F-11D3-BF4B-00C04F79EFBC}") = "OpenAi", "Adapters\OpenAi\OpenAi.csproj", "{B528648F-9492-4D5E-967D-2C098178510A}"
EndProject
Global
	GlobalSection(SolutionConfigurationPlatforms) = preSolution
		Debug|Any CPU = Debug|Any CPU
		Debug|x64 = Debug|x64
		Debug|x86 = Debug|x86
		Release|Any CPU = Release|Any CPU
		Release|x64 = Release|x64
		Release|x86 = Release|x86
	EndGlobalSection
	GlobalSection(ProjectConfigurationPlatforms) = postSolution
		{C2FAA6B3-D854-4EC1-BE60-C528F83B2A28}.Debug|Any CPU.ActiveCfg = Debug|Any CPU
		{C2FAA6B3-D854-4EC1-BE60-C528F83B2A28}.Debug|Any CPU.Build.0 = Debug|Any CPU
		{C2FAA6B3-D854-4EC1-BE60-C528F83B2A28}.Debug|x64.ActiveCfg = Debug|Any CPU
		{C2FAA6B3-D854-4EC1-BE60-C528F83B2A28}.Debug|x64.Build.0 = Debug|Any CPU
		{C2FAA6B3-D854-4EC1-BE60-C528F83B2A28}.Debug|x86.ActiveCfg = Debug|Any CPU
		{C2FAA6B3-D854-4EC1-BE60-C528F83B2A28}.Debug|x86.Build.0 = Debug|Any CPU
		{C2FAA6B3-D854-4EC1-BE60-C528F83B2A28}.Release|Any CPU.ActiveCfg = Release|Any CPU
		{C2FAA6B3-D854-4EC1-BE60-C528F83B2A28}.Release|Any CPU.Build.0 = Release|Any CPU
		{C2FAA6B3-D854-4EC1-BE60-C528F83B2A28}.Release|x64.ActiveCfg = Release|Any CPU
		{C2FAA6B3-D854-4EC1-BE60-C528F83B2A28}.Release|x64.Build.0 = Release|Any CPU
		{C2FAA6B3-D854-4EC1-BE60-C528F83B2A28}.Release|x86.ActiveCfg = Release|Any CPU
		{C2FAA6B3-D854-4EC1-BE60-C528F83B2A28}.Release|x86.Build.0 = Release|Any CPU
		{A555A5BC-7082-4940-B0C5-294598E8F66C}.Debug|Any CPU.ActiveCfg = Debug|Any CPU
		{A555A5BC-7082-4940-B0C5-294598E8F66C}.Debug|Any CPU.Build.0 = Debug|Any CPU
		{A555A5BC-7082-4940-B0C5-294598E8F66C}.Debug|x64.ActiveCfg = Debug|Any CPU
		{A555A5BC-7082-4940-B0C5-294598E8F66C}.Debug|x64.Build.0 = Debug|Any CPU
		{A555A5BC-7082-4940-B0C5-294598E8F66C}.Debug|x86.ActiveCfg = Debug|Any CPU
		{A555A5BC-7082-4940-B0C5-294598E8F66C}.Debug|x86.Build.0 = Debug|Any CPU
		{A555A5BC-7082-4940-B0C5-294598E8F66C}.Release|Any CPU.ActiveCfg = Release|Any CPU
		{A555A5BC-7082-4940-B0C5-294598E8F66C}.Release|Any CPU.Build.0 = Release|Any CPU
		{A555A5BC-7082-4940-B0C5-294598E8F66C}.Release|x64.ActiveCfg = Release|Any CPU
		{A555A5BC-7082-4940-B0C5-294598E8F66C}.Release|x64.Build.0 = Release|Any CPU
		{A555A5BC-7082-4940-B0C5-294598E8F66C}.Release|x86.ActiveCfg = Release|Any CPU
		{A555A5BC-7082-4940-B0C5-294598E8F66C}.Release|x86.Build.0 = Release|Any CPU
		{CA2E78AA-F4FA-40FA-9952-C27F7DBA9B86}.Debug|Any CPU.ActiveCfg = Debug|Any CPU
		{CA2E78AA-F4FA-40FA-9952-C27F7DBA9B86}.Debug|Any CPU.Build.0 = Debug|Any CPU
		{CA2E78AA-F4FA-40FA-9952-C27F7DBA9B86}.Debug|x64.ActiveCfg = Debug|Any CPU
		{CA2E78AA-F4FA-40FA-9952-C27F7DBA9B86}.Debug|x64.Build.0 = Debug|Any CPU
		{CA2E78AA-F4FA-40FA-9952-C27F7DBA9B86}.Debug|x86.ActiveCfg = Debug|Any CPU
		{CA2E78AA-F4FA-40FA-9952-C27F7DBA9B86}.Debug|x86.Build.0 = Debug|Any CPU
		{CA2E78AA-F4FA-40FA-9952-C27F7DBA9B86}.Release|Any CPU.ActiveCfg = Release|Any CPU
		{CA2E78AA-F4FA-40FA-9952-C27F7DBA9B86}.Release|Any CPU.Build.0 = Release|Any CPU
		{CA2E78AA-F4FA-40FA-9952-C27F7DBA9B86}.Release|x64.ActiveCfg = Release|Any CPU
		{CA2E78AA-F4FA-40FA-9952-C27F7DBA9B86}.Release|x64.Build.0 = Release|Any CPU
		{CA2E78AA-F4FA-40FA-9952-C27F7DBA9B86}.Release|x86.ActiveCfg = Release|Any CPU
		{CA2E78AA-F4FA-40FA-9952-C27F7DBA9B86}.Release|x86.Build.0 = Release|Any CPU
		{A9A548DE-AE62-4A7E-82E6-5A90FC36A800}.Debug|Any CPU.ActiveCfg = Debug|Any CPU
		{A9A548DE-AE62-4A7E-82E6-5A90FC36A800}.Debug|Any CPU.Build.0 = Debug|Any CPU
		{A9A548DE-AE62-4A7E-82E6-5A90FC36A800}.Debug|x64.ActiveCfg = Debug|Any CPU
		{A9A548DE-AE62-4A7E-82E6-5A90FC36A800}.Debug|x64.Build.0 = Debug|Any CPU
		{A9A548DE-AE62-4A7E-82E6-5A90FC36A800}.Debug|x86.ActiveCfg = Debug|Any CPU
		{A9A548DE-AE62-4A7E-82E6-5A90FC36A800}.Debug|x86.Build.0 = Debug|Any CPU
		{A9A548DE-AE62-4A7E-82E6-5A90FC36A800}.Release|Any CPU.ActiveCfg = Release|Any CPU
		{A9A548DE-AE62-4A7E-82E6-5A90FC36A800}.Release|Any CPU.Build.0 = Release|Any CPU
		{A9A548DE-AE62-4A7E-82E6-5A90FC36A800}.Release|x64.ActiveCfg = Release|Any CPU
		{A9A548DE-AE62-4A7E-82E6-5A90FC36A800}.Release|x64.Build.0 = Release|Any CPU
		{A9A548DE-AE62-4A7E-82E6-5A90FC36A800}.Release|x86.ActiveCfg = Release|Any CPU
		{A9A548DE-AE62-4A7E-82E6-5A90FC36A800}.Release|x86.Build.0 = Release|Any CPU
		{6A3684A3-2BE8-4F0C-B51E-2D70A932159E}.Debug|Any CPU.ActiveCfg = Debug|Any CPU
		{6A3684A3-2BE8-4F0C-B51E-2D70A932159E}.Debug|Any CPU.Build.0 = Debug|Any CPU
		{6A3684A3-2BE8-4F0C-B51E-2D70A932159E}.Debug|x64.ActiveCfg = Debug|Any CPU
		{6A3684A3-2BE8-4F0C-B51E-2D70A932159E}.Debug|x64.Build.0 = Debug|Any CPU
		{6A3684A3-2BE8-4F0C-B51E-2D70A932159E}.Debug|x86.ActiveCfg = Debug|Any CPU
		{6A3684A3-2BE8-4F0C-B51E-2D70A932159E}.Debug|x86.Build.0 = Debug|Any CPU
		{6A3684A3-2BE8-4F0C-B51E-2D70A932159E}.Release|Any CPU.ActiveCfg = Release|Any CPU
		{6A3684A3-2BE8-4F0C-B51E-2D70A932159E}.Release|Any CPU.Build.0 = Release|Any CPU
		{6A3684A3-2BE8-4F0C-B51E-2D70A932159E}.Release|x64.ActiveCfg = Release|Any CPU
		{6A3684A3-2BE8-4F0C-B51E-2D70A932159E}.Release|x64.Build.0 = Release|Any CPU
		{6A3684A3-2BE8-4F0C-B51E-2D70A932159E}.Release|x86.ActiveCfg = Release|Any CPU
		{6A3684A3-2BE8-4F0C-B51E-2D70A932159E}.Release|x86.Build.0 = Release|Any CPU
		{89D97BA1-845D-418B-A3E9-91D0F1AB15C0}.Debug|Any CPU.ActiveCfg = Debug|Any CPU
		{89D97BA1-845D-418B-A3E9-91D0F1AB15C0}.Debug|Any CPU.Build.0 = Debug|Any CPU
		{89D97BA1-845D-418B-A3E9-91D0F1AB15C0}.Debug|x64.ActiveCfg = Debug|Any CPU
		{89D97BA1-845D-418B-A3E9-91D0F1AB15C0}.Debug|x64.Build.0 = Debug|Any CPU
		{89D97BA1-845D-418B-A3E9-91D0F1AB15C0}.Debug|x86.ActiveCfg = Debug|Any CPU
		{89D97BA1-845D-418B-A3E9-91D0F1AB15C0}.Debug|x86.Build.0 = Debug|Any CPU
		{89D97BA1-845D-418B-A3E9-91D0F1AB15C0}.Release|Any CPU.ActiveCfg = Release|Any CPU
		{89D97BA1-845D-418B-A3E9-91D0F1AB15C0}.Release|Any CPU.Build.0 = Release|Any CPU
		{89D97BA1-845D-418B-A3E9-91D0F1AB15C0}.Release|x64.ActiveCfg = Release|Any CPU
		{89D97BA1-845D-418B-A3E9-91D0F1AB15C0}.Release|x64.Build.0 = Release|Any CPU
		{89D97BA1-845D-418B-A3E9-91D0F1AB15C0}.Release|x86.ActiveCfg = Release|Any CPU
		{89D97BA1-845D-418B-A3E9-91D0F1AB15C0}.Release|x86.Build.0 = Release|Any CPU
		{B528648F-9492-4D5E-967D-2C098178510A}.Debug|Any CPU.ActiveCfg = Debug|Any CPU
		{B528648F-9492-4D5E-967D-2C098178510A}.Debug|Any CPU.Build.0 = Debug|Any CPU
		{B528648F-9492-4D5E-967D-2C098178510A}.Debug|x64.ActiveCfg = Debug|Any CPU
		{B528648F-9492-4D5E-967D-2C098178510A}.Debug|x64.Build.0 = Debug|Any CPU
		{B528648F-9492-4D5E-967D-2C098178510A}.Debug|x86.ActiveCfg = Debug|Any CPU
		{B528648F-9492-4D5E-967D-2C098178510A}.Debug|x86.Build.0 = Debug|Any CPU
		{B528648F-9492-4D5E-967D-2C098178510A}.Release|Any CPU.ActiveCfg = Release|Any CPU
		{B528648F-9492-4D5E-967D-2C098178510A}.Release|Any CPU.Build.0 = Release|Any CPU
		{B528648F-9492-4D5E-967D-2C098178510A}.Release|x64.ActiveCfg = Release|Any CPU
		{B528648F-9492-4D5E-967D-2C098178510A}.Release|x64.Build.0 = Release|Any CPU
		{B528648F-9492-4D5E-967D-2C098178510A}.Release|x86.ActiveCfg = Release|Any CPU
		{B528648F-9492-4D5E-967D-2C098178510A}.Release|x86.Build.0 = Release|Any CPU
	EndGlobalSection
	GlobalSection(SolutionProperties) = preSolution
		HideSolutionNode = FALSE
	EndGlobalSection
	GlobalSection(NestedProjects) = preSolution
		{CA2E78AA-F4FA-40FA-9952-C27F7DBA9B86} = {5D2B2BFF-C64D-44D7-9AF5-06D33BCE8320}
		{A9A548DE-AE62-4A7E-82E6-5A90FC36A800} = {5D2B2BFF-C64D-44D7-9AF5-06D33BCE8320}
		{6A3684A3-2BE8-4F0C-B51E-2D70A932159E} = {5D2B2BFF-C64D-44D7-9AF5-06D33BCE8320}
		{89D97BA1-845D-418B-A3E9-91D0F1AB15C0} = {5D2B2BFF-C64D-44D7-9AF5-06D33BCE8320}
		{B528648F-9492-4D5E-967D-2C098178510A} = {5D2B2BFF-C64D-44D7-9AF5-06D33BCE8320}
	EndGlobalSection
EndGlobal
