<Solution>

  <Project Path="Core/Core.csproj" />

  <Folder Name="/Applications/">
    <Project Path="Applications/Sandbox/Sandbox.csproj" />
    <Project Path="Applications/ElectronBridgeBuilder/ElectronBridgeBuilder.csproj" />
    <Project Path="Applications/ElectronTest/ElectronTest.csproj" />
  </Folder>

  <Folder Name="/Adapters/">
    <Project Path="Adapters/Electron/Electron.csproj" />
    <Project Path="Adapters/Godot/Godot.csproj" />
    <Project Path="Adapters/LiteNetLib/LiteNetLib.csproj" />
    <Project Path="Adapters/OpenAi/OpenAi.csproj" />
    <Project Path="Adapters/Protobuf/Protobuf.csproj" />
    <Project Path="Adapters/Steamworks/Steamworks.csproj" />
  </Folder>

</Solution>
